
Microsoft Visual Studio Solution File, Format Version 12.00
Project("{FAE04EC0-301F-11D3-BF4B-00C04F79EFBC}") = "lowleveldesing", "lowleveldesing\lowleveldesing.csproj", "{164EB127-4E46-4E09-9FF6-6A94042445D0}"
EndProject
Global
	GlobalSection(SolutionConfigurationPlatforms) = preSolution
		Debug|Any CPU = Debug|Any CPU
		Release|Any CPU = Release|Any CPU
	EndGlobalSection
	GlobalSection(ProjectConfigurationPlatforms) = postSolution
		{164EB127-4E46-4E09-9FF6-6A94042445D0}.Debug|Any CPU.ActiveCfg = Debug|Any CPU
		{164EB127-4E46-4E09-9FF6-6A94042445D0}.Debug|Any CPU.Build.0 = Debug|Any CPU
		{164EB127-4E46-4E09-9FF6-6A94042445D0}.Release|Any CPU.ActiveCfg = Release|Any CPU
		{164EB127-4E46-4E09-9FF6-6A94042445D0}.Release|Any CPU.Build.0 = Release|Any CPU
	EndGlobalSection
EndGlobal
